// !$*UTF8*$!
{
	archiveVersion = 1;
	classes = {
	};
	objectVersion = 56;
	objects = {

/* Begin PBXBuildFile section */
		18FFDF5E29C71980003663E8 /* NASA_Daily_PicsApp.swift in Sources */ = {isa = PBXBuildFile; fileRef = 18FFDF5D29C71980003663E8 /* NASA_Daily_PicsApp.swift */; };
		18FFDF6029C71980003663E8 /* ContentView.swift in Sources */ = {isa = PBXBuildFile; fileRef = 18FFDF5F29C71980003663E8 /* ContentView.swift */; };
		18FFDF6229C71981003663E8 /* Assets.xcassets in Resources */ = {isa = PBXBuildFile; fileRef = 18FFDF6129C71981003663E8 /* Assets.xcassets */; };
		18FFDF6529C71981003663E8 /* Preview Assets.xcassets in Resources */ = {isa = PBXBuildFile; fileRef = 18FFDF6429C71981003663E8 /* Preview Assets.xcassets */; };
		18FFDF6F29C71981003663E8 /* NASA_Daily_PicsTests.swift in Sources */ = {isa = PBXBuildFile; fileRef = 18FFDF6E29C71981003663E8 /* NASA_Daily_PicsTests.swift */; };
		18FFDF7929C71981003663E8 /* NASA_Daily_PicsUITests.swift in Sources */ = {isa = PBXBuildFile; fileRef = 18FFDF7829C71981003663E8 /* NASA_Daily_PicsUITests.swift */; };
		18FFDF7B29C71981003663E8 /* NASA_Daily_PicsUITestsLaunchTests.swift in Sources */ = {isa = PBXBuildFile; fileRef = 18FFDF7A29C71981003663E8 /* NASA_Daily_PicsUITestsLaunchTests.swift */; };
		18FFDF8929C71D7B003663E8 /* NetworkCommunication.swift in Sources */ = {isa = PBXBuildFile; fileRef = 18FFDF8829C71D7B003663E8 /* NetworkCommunication.swift */; };
/* End PBXBuildFile section */

/* Begin PBXContainerItemProxy section */
		18FFDF6B29C71981003663E8 /* PBXContainerItemProxy */ = {
			isa = PBXContainerItemProxy;
			containerPortal = 18FFDF5229C71980003663E8 /* Project object */;
			proxyType = 1;
			remoteGlobalIDString = 18FFDF5929C71980003663E8;
			remoteInfo = "NASA Daily Pics";
		};
		18FFDF7529C71981003663E8 /* PBXContainerItemProxy */ = {
			isa = PBXContainerItemProxy;
			containerPortal = 18FFDF5229C71980003663E8 /* Project object */;
			proxyType = 1;
			remoteGlobalIDString = 18FFDF5929C71980003663E8;
			remoteInfo = "NASA Daily Pics";
		};
/* End PBXContainerItemProxy section */

/* Begin PBXFileReference section */
		18FFDF5A29C71980003663E8 /* NASA Daily Pics.app */ = {isa = PBXFileReference; explicitFileType = wrapper.application; includeInIndex = 0; path = "NASA Daily Pics.app"; sourceTree = BUILT_PRODUCTS_DIR; };
		18FFDF5D29C71980003663E8 /* NASA_Daily_PicsApp.swift */ = {isa = PBXFileReference; lastKnownFileType = sourcecode.swift; path = NASA_Daily_PicsApp.swift; sourceTree = "<group>"; };
		18FFDF5F29C71980003663E8 /* ContentView.swift */ = {isa = PBXFileReference; lastKnownFileType = sourcecode.swift; path = ContentView.swift; sourceTree = "<group>"; };
		18FFDF6129C71981003663E8 /* Assets.xcassets */ = {isa = PBXFileReference; lastKnownFileType = folder.assetcatalog; path = Assets.xcassets; sourceTree = "<group>"; };
		18FFDF6429C71981003663E8 /* Preview Assets.xcassets */ = {isa = PBXFileReference; lastKnownFileType = folder.assetcatalog; path = "Preview Assets.xcassets"; sourceTree = "<group>"; };
		18FFDF6A29C71981003663E8 /* NASA Daily PicsTests.xctest */ = {isa = PBXFileReference; explicitFileType = wrapper.cfbundle; includeInIndex = 0; path = "NASA Daily PicsTests.xctest"; sourceTree = BUILT_PRODUCTS_DIR; };
		18FFDF6E29C71981003663E8 /* NASA_Daily_PicsTests.swift */ = {isa = PBXFileReference; lastKnownFileType = sourcecode.swift; path = NASA_Daily_PicsTests.swift; sourceTree = "<group>"; };
		18FFDF7429C71981003663E8 /* NASA Daily PicsUITests.xctest */ = {isa = PBXFileReference; explicitFileType = wrapper.cfbundle; includeInIndex = 0; path = "NASA Daily PicsUITests.xctest"; sourceTree = BUILT_PRODUCTS_DIR; };
		18FFDF7829C71981003663E8 /* NASA_Daily_PicsUITests.swift */ = {isa = PBXFileReference; lastKnownFileType = sourcecode.swift; path = NASA_Daily_PicsUITests.swift; sourceTree = "<group>"; };
		18FFDF7A29C71981003663E8 /* NASA_Daily_PicsUITestsLaunchTests.swift */ = {isa = PBXFileReference; lastKnownFileType = sourcecode.swift; path = NASA_Daily_PicsUITestsLaunchTests.swift; sourceTree = "<group>"; };
		18FFDF8829C71D7B003663E8 /* NetworkCommunication.swift */ = {isa = PBXFileReference; lastKnownFileType = sourcecode.swift; path = NetworkCommunication.swift; sourceTree = "<group>"; };
/* End PBXFileReference section */

/* Begin PBXFrameworksBuildPhase section */
		18FFDF5729C71980003663E8 /* Frameworks */ = {
			isa = PBXFrameworksBuildPhase;
			buildActionMask = 2147483647;
			files = (
			);
			runOnlyForDeploymentPostprocessing = 0;
		};
		18FFDF6729C71981003663E8 /* Frameworks */ = {
			isa = PBXFrameworksBuildPhase;
			buildActionMask = 2147483647;
			files = (
			);
			runOnlyForDeploymentPostprocessing = 0;
		};
		18FFDF7129C71981003663E8 /* Frameworks */ = {
			isa = PBXFrameworksBuildPhase;
			buildActionMask = 2147483647;
			files = (
			);
			runOnlyForDeploymentPostprocessing = 0;
		};
/* End PBXFrameworksBuildPhase section */

/* Begin PBXGroup section */
		18FFDF5129C71980003663E8 = {
			isa = PBXGroup;
			children = (
				18FFDF5C29C71980003663E8 /* NASA Daily Pics */,
				18FFDF6D29C71981003663E8 /* NASA Daily PicsTests */,
				18FFDF7729C71981003663E8 /* NASA Daily PicsUITests */,
				18FFDF5B29C71980003663E8 /* Products */,
			);
			sourceTree = "<group>";
		};
		18FFDF5B29C71980003663E8 /* Products */ = {
			isa = PBXGroup;
			children = (
				18FFDF5A29C71980003663E8 /* NASA Daily Pics.app */,
				18FFDF6A29C71981003663E8 /* NASA Daily PicsTests.xctest */,
				18FFDF7429C71981003663E8 /* NASA Daily PicsUITests.xctest */,
			);
			name = Products;
			sourceTree = "<group>";
		};
		18FFDF5C29C71980003663E8 /* NASA Daily Pics */ = {
			isa = PBXGroup;
			children = (
				18FFDF8729C71D71003663E8 /* Network */,
				18FFDF5D29C71980003663E8 /* NASA_Daily_PicsApp.swift */,
				18FFDF5F29C71980003663E8 /* ContentView.swift */,
				18FFDF6129C71981003663E8 /* Assets.xcassets */,
				18FFDF6329C71981003663E8 /* Preview Content */,
			);
			path = "NASA Daily Pics";
			sourceTree = "<group>";
		};
		18FFDF6329C71981003663E8 /* Preview Content */ = {
			isa = PBXGroup;
			children = (
				18FFDF6429C71981003663E8 /* Preview Assets.xcassets */,
			);
			path = "Preview Content";
			sourceTree = "<group>";
		};
		18FFDF6D29C71981003663E8 /* NASA Daily PicsTests */ = {
			isa = PBXGroup;
			children = (
				18FFDF6E29C71981003663E8 /* NASA_Daily_PicsTests.swift */,
			);
			path = "NASA Daily PicsTests";
			sourceTree = "<group>";
		};
		18FFDF7729C71981003663E8 /* NASA Daily PicsUITests */ = {
			isa = PBXGroup;
			children = (
				18FFDF7829C71981003663E8 /* NASA_Daily_PicsUITests.swift */,
				18FFDF7A29C71981003663E8 /* NASA_Daily_PicsUITestsLaunchTests.swift */,
			);
			path = "NASA Daily PicsUITests";
			sourceTree = "<group>";
		};
		18FFDF8729C71D71003663E8 /* Network */ = {
			isa = PBXGroup;
			children = (
				18FFDF8829C71D7B003663E8 /* NetworkCommunication.swift */,
			);
			path = Network;
			sourceTree = "<group>";
		};
/* End PBXGroup section */

/* Begin PBXNativeTarget section */
		18FFDF5929C71980003663E8 /* NASA Daily Pics */ = {
			isa = PBXNativeTarget;
			buildConfigurationList = 18FFDF7E29C71981003663E8 /* Build configuration list for PBXNativeTarget "NASA Daily Pics" */;
			buildPhases = (
				18FFDF5629C71980003663E8 /* Sources */,
				18FFDF5729C71980003663E8 /* Frameworks */,
				18FFDF5829C71980003663E8 /* Resources */,
			);
			buildRules = (
			);
			dependencies = (
			);
			name = "NASA Daily Pics";
			productName = "NASA Daily Pics";
			productReference = 18FFDF5A29C71980003663E8 /* NASA Daily Pics.app */;
			productType = "com.apple.product-type.application";
		};
		18FFDF6929C71981003663E8 /* NASA Daily PicsTests */ = {
			isa = PBXNativeTarget;
			buildConfigurationList = 18FFDF8129C71981003663E8 /* Build configuration list for PBXNativeTarget "NASA Daily PicsTests" */;
			buildPhases = (
				18FFDF6629C71981003663E8 /* Sources */,
				18FFDF6729C71981003663E8 /* Frameworks */,
				18FFDF6829C71981003663E8 /* Resources */,
			);
			buildRules = (
			);
			dependencies = (
				18FFDF6C29C71981003663E8 /* PBXTargetDependency */,
			);
			name = "NASA Daily PicsTests";
			productName = "NASA Daily PicsTests";
			productReference = 18FFDF6A29C71981003663E8 /* NASA Daily PicsTests.xctest */;
			productType = "com.apple.product-type.bundle.unit-test";
		};
		18FFDF7329C71981003663E8 /* NASA Daily PicsUITests */ = {
			isa = PBXNativeTarget;
			buildConfigurationList = 18FFDF8429C71981003663E8 /* Build configuration list for PBXNativeTarget "NASA Daily PicsUITests" */;
			buildPhases = (
				18FFDF7029C71981003663E8 /* Sources */,
				18FFDF7129C71981003663E8 /* Frameworks */,
				18FFDF7229C71981003663E8 /* Resources */,
			);
			buildRules = (
			);
			dependencies = (
				18FFDF7629C71981003663E8 /* PBXTargetDependency */,
			);
			name = "NASA Daily PicsUITests";
			productName = "NASA Daily PicsUITests";
			productReference = 18FFDF7429C71981003663E8 /* NASA Daily PicsUITests.xctest */;
			productType = "com.apple.product-type.bundle.ui-testing";
		};
/* End PBXNativeTarget section */

/* Begin PBXProject section */
		18FFDF5229C71980003663E8 /* Project object */ = {
			isa = PBXProject;
			attributes = {
				BuildIndependentTargetsInParallel = 1;
				LastSwiftUpdateCheck = 1420;
				LastUpgradeCheck = 1420;
				TargetAttributes = {
					18FFDF5929C71980003663E8 = {
						CreatedOnToolsVersion = 14.2;
					};
					18FFDF6929C71981003663E8 = {
						CreatedOnToolsVersion = 14.2;
						TestTargetID = 18FFDF5929C71980003663E8;
					};
					18FFDF7329C71981003663E8 = {
						CreatedOnToolsVersion = 14.2;
						TestTargetID = 18FFDF5929C71980003663E8;
					};
				};
			};
			buildConfigurationList = 18FFDF5529C71980003663E8 /* Build configuration list for PBXProject "NASA Daily Pics" */;
			compatibilityVersion = "Xcode 14.0";
			developmentRegion = en;
			hasScannedForEncodings = 0;
			knownRegions = (
				en,
				Base,
			);
			mainGroup = 18FFDF5129C71980003663E8;
			productRefGroup = 18FFDF5B29C71980003663E8 /* Products */;
			projectDirPath = "";
			projectRoot = "";
			targets = (
				18FFDF5929C71980003663E8 /* NASA Daily Pics */,
				18FFDF6929C71981003663E8 /* NASA Daily PicsTests */,
				18FFDF7329C71981003663E8 /* NASA Daily PicsUITests */,
			);
		};
/* End PBXProject section */

/* Begin PBXResourcesBuildPhase section */
		18FFDF5829C71980003663E8 /* Resources */ = {
			isa = PBXResourcesBuildPhase;
			buildActionMask = 2147483647;
			files = (
				18FFDF6529C71981003663E8 /* Preview Assets.xcassets in Resources */,
				18FFDF6229C71981003663E8 /* Assets.xcassets in Resources */,
			);
			runOnlyForDeploymentPostprocessing = 0;
		};
		18FFDF6829C71981003663E8 /* Resources */ = {
			isa = PBXResourcesBuildPhase;
			buildActionMask = 2147483647;
			files = (
			);
			runOnlyForDeploymentPostprocessing = 0;
		};
		18FFDF7229C71981003663E8 /* Resources */ = {
			isa = PBXResourcesBuildPhase;
			buildActionMask = 2147483647;
			files = (
			);
			runOnlyForDeploymentPostprocessing = 0;
		};
/* End PBXResourcesBuildPhase section */

/* Begin PBXSourcesBuildPhase section */
		18FFDF5629C71980003663E8 /* Sources */ = {
			isa = PBXSourcesBuildPhase;
			buildActionMask = 2147483647;
			files = (
				18FFDF6029C71980003663E8 /* ContentView.swift in Sources */,
				18FFDF5E29C71980003663E8 /* NASA_Daily_PicsApp.swift in Sources */,
				18FFDF8929C71D7B003663E8 /* NetworkCommunication.swift in Sources */,
			);
			runOnlyForDeploymentPostprocessing = 0;
		};
		18FFDF6629C71981003663E8 /* Sources */ = {
			isa = PBXSourcesBuildPhase;
			buildActionMask = 2147483647;
			files = (
				18FFDF6F29C71981003663E8 /* NASA_Daily_PicsTests.swift in Sources */,
			);
			runOnlyForDeploymentPostprocessing = 0;
		};
		18FFDF7029C71981003663E8 /* Sources */ = {
			isa = PBXSourcesBuildPhase;
			buildActionMask = 2147483647;
			files = (
				18FFDF7B29C71981003663E8 /* NASA_Daily_PicsUITestsLaunchTests.swift in Sources */,
				18FFDF7929C71981003663E8 /* NASA_Daily_PicsUITests.swift in Sources */,
			);
			runOnlyForDeploymentPostprocessing = 0;
		};
/* End PBXSourcesBuildPhase section */

/* Begin PBXTargetDependency section */
		18FFDF6C29C71981003663E8 /* PBXTargetDependency */ = {
			isa = PBXTargetDependency;
			target = 18FFDF5929C71980003663E8 /* NASA Daily Pics */;
			targetProxy = 18FFDF6B29C71981003663E8 /* PBXContainerItemProxy */;
		};
		18FFDF7629C71981003663E8 /* PBXTargetDependency */ = {
			isa = PBXTargetDependency;
			target = 18FFDF5929C71980003663E8 /* NASA Daily Pics */;
			targetProxy = 18FFDF7529C71981003663E8 /* PBXContainerItemProxy */;
		};
/* End PBXTargetDependency section */

/* Begin XCBuildConfiguration section */
		18FFDF7C29C71981003663E8 /* Debug */ = {
			isa = XCBuildConfiguration;
			buildSettings = {
				ALWAYS_SEARCH_USER_PATHS = NO;
				CLANG_ANALYZER_NONNULL = YES;
				CLANG_ANALYZER_NUMBER_OBJECT_CONVERSION = YES_AGGRESSIVE;
				CLANG_CXX_LANGUAGE_STANDARD = "gnu++20";
				CLANG_ENABLE_MODULES = YES;
				CLANG_ENABLE_OBJC_ARC = YES;
				CLANG_ENABLE_OBJC_WEAK = YES;
				CLANG_WARN_BLOCK_CAPTURE_AUTORELEASING = YES;
				CLANG_WARN_BOOL_CONVERSION = YES;
				CLANG_WARN_COMMA = YES;
				CLANG_WARN_CONSTANT_CONVERSION = YES;
				CLANG_WARN_DEPRECATED_OBJC_IMPLEMENTATIONS = YES;
				CLANG_WARN_DIRECT_OBJC_ISA_USAGE = YES_ERROR;
				CLANG_WARN_DOCUMENTATION_COMMENTS = YES;
				CLANG_WARN_EMPTY_BODY = YES;
				CLANG_WARN_ENUM_CONVERSION = YES;
				CLANG_WARN_INFINITE_RECURSION = YES;
				CLANG_WARN_INT_CONVERSION = YES;
				CLANG_WARN_NON_LITERAL_NULL_CONVERSION = YES;
				CLANG_WARN_OBJC_IMPLICIT_RETAIN_SELF = YES;
				CLANG_WARN_OBJC_LITERAL_CONVERSION = YES;
				CLANG_WARN_OBJC_ROOT_CLASS = YES_ERROR;
				CLANG_WARN_QUOTED_INCLUDE_IN_FRAMEWORK_HEADER = YES;
				CLANG_WARN_RANGE_LOOP_ANALYSIS = YES;
				CLANG_WARN_STRICT_PROTOTYPES = YES;
				CLANG_WARN_SUSPICIOUS_MOVE = YES;
				CLANG_WARN_UNGUARDED_AVAILABILITY = YES_AGGRESSIVE;
				CLANG_WARN_UNREACHABLE_CODE = YES;
				CLANG_WARN__DUPLICATE_METHOD_MATCH = YES;
				COPY_PHASE_STRIP = NO;
				DEBUG_INFORMATION_FORMAT = dwarf;
				ENABLE_STRICT_OBJC_MSGSEND = YES;
				ENABLE_TESTABILITY = YES;
				GCC_C_LANGUAGE_STANDARD = gnu11;
				GCC_DYNAMIC_NO_PIC = NO;
				GCC_NO_COMMON_BLOCKS = YES;
				GCC_OPTIMIZATION_LEVEL = 0;
				GCC_PREPROCESSOR_DEFINITIONS = (
					"DEBUG=1",
					"$(inherited)",
				);
				GCC_WARN_64_TO_32_BIT_CONVERSION = YES;
				GCC_WARN_ABOUT_RETURN_TYPE = YES_ERROR;
				GCC_WARN_UNDECLARED_SELECTOR = YES;
				GCC_WARN_UNINITIALIZED_AUTOS = YES_AGGRESSIVE;
				GCC_WARN_UNUSED_FUNCTION = YES;
				GCC_WARN_UNUSED_VARIABLE = YES;
				IPHONEOS_DEPLOYMENT_TARGET = 16.2;
				MTL_ENABLE_DEBUG_INFO = INCLUDE_SOURCE;
				MTL_FAST_MATH = YES;
				ONLY_ACTIVE_ARCH = YES;
				SDKROOT = iphoneos;
				SWIFT_ACTIVE_COMPILATION_CONDITIONS = DEBUG;
				SWIFT_OPTIMIZATION_LEVEL = "-Onone";
			};
			name = Debug;
		};
		18FFDF7D29C71981003663E8 /* Release */ = {
			isa = XCBuildConfiguration;
			buildSettings = {
				ALWAYS_SEARCH_USER_PATHS = NO;
				CLANG_ANALYZER_NONNULL = YES;
				CLANG_ANALYZER_NUMBER_OBJECT_CONVERSION = YES_AGGRESSIVE;
				CLANG_CXX_LANGUAGE_STANDARD = "gnu++20";
				CLANG_ENABLE_MODULES = YES;
				CLANG_ENABLE_OBJC_ARC = YES;
				CLANG_ENABLE_OBJC_WEAK = YES;
				CLANG_WARN_BLOCK_CAPTURE_AUTORELEASING = YES;
				CLANG_WARN_BOOL_CONVERSION = YES;
				CLANG_WARN_COMMA = YES;
				CLANG_WARN_CONSTANT_CONVERSION = YES;
				CLANG_WARN_DEPRECATED_OBJC_IMPLEMENTATIONS = YES;
				CLANG_WARN_DIRECT_OBJC_ISA_USAGE = YES_ERROR;
				CLANG_WARN_DOCUMENTATION_COMMENTS = YES;
				CLANG_WARN_EMPTY_BODY = YES;
				CLANG_WARN_ENUM_CONVERSION = YES;
				CLANG_WARN_INFINITE_RECURSION = YES;
				CLANG_WARN_INT_CONVERSION = YES;
				CLANG_WARN_NON_LITERAL_NULL_CONVERSION = YES;
				CLANG_WARN_OBJC_IMPLICIT_RETAIN_SELF = YES;
				CLANG_WARN_OBJC_LITERAL_CONVERSION = YES;
				CLANG_WARN_OBJC_ROOT_CLASS = YES_ERROR;
				CLANG_WARN_QUOTED_INCLUDE_IN_FRAMEWORK_HEADER = YES;
				CLANG_WARN_RANGE_LOOP_ANALYSIS = YES;
				CLANG_WARN_STRICT_PROTOTYPES = YES;
				CLANG_WARN_SUSPICIOUS_MOVE = YES;
				CLANG_WARN_UNGUARDED_AVAILABILITY = YES_AGGRESSIVE;
				CLANG_WARN_UNREACHABLE_CODE = YES;
				CLANG_WARN__DUPLICATE_METHOD_MATCH = YES;
				COPY_PHASE_STRIP = NO;
				DEBUG_INFORMATION_FORMAT = "dwarf-with-dsym";
				ENABLE_NS_ASSERTIONS = NO;
				ENABLE_STRICT_OBJC_MSGSEND = YES;
				GCC_C_LANGUAGE_STANDARD = gnu11;
				GCC_NO_COMMON_BLOCKS = YES;
				GCC_WARN_64_TO_32_BIT_CONVERSION = YES;
				GCC_WARN_ABOUT_RETURN_TYPE = YES_ERROR;
				GCC_WARN_UNDECLARED_SELECTOR = YES;
				GCC_WARN_UNINITIALIZED_AUTOS = YES_AGGRESSIVE;
				GCC_WARN_UNUSED_FUNCTION = YES;
				GCC_WARN_UNUSED_VARIABLE = YES;
				IPHONEOS_DEPLOYMENT_TARGET = 16.2;
				MTL_ENABLE_DEBUG_INFO = NO;
				MTL_FAST_MATH = YES;
				SDKROOT = iphoneos;
				SWIFT_COMPILATION_MODE = wholemodule;
				SWIFT_OPTIMIZATION_LEVEL = "-O";
				VALIDATE_PRODUCT = YES;
			};
			name = Release;
		};
		18FFDF7F29C71981003663E8 /* Debug */ = {
			isa = XCBuildConfiguration;
			buildSettings = {
				ASSETCATALOG_COMPILER_APPICON_NAME = AppIcon;
				ASSETCATALOG_COMPILER_GLOBAL_ACCENT_COLOR_NAME = AccentColor;
				CODE_SIGN_STYLE = Automatic;
				CURRENT_PROJECT_VERSION = 1;
				DEVELOPMENT_ASSET_PATHS = "\"NASA Daily Pics/Preview Content\"";
				ENABLE_PREVIEWS = YES;
				GENERATE_INFOPLIST_FILE = YES;
				INFOPLIST_KEY_UIApplicationSceneManifest_Generation = YES;
				INFOPLIST_KEY_UIApplicationSupportsIndirectInputEvents = YES;
				INFOPLIST_KEY_UILaunchScreen_Generation = YES;
				INFOPLIST_KEY_UISupportedInterfaceOrientations_iPad = "UIInterfaceOrientationPortrait UIInterfaceOrientationPortraitUpsideDown UIInterfaceOrientationLandscapeLeft UIInterfaceOrientationLandscapeRight";
				INFOPLIST_KEY_UISupportedInterfaceOrientations_iPhone = "UIInterfaceOrientationPortrait UIInterfaceOrientationLandscapeLeft UIInterfaceOrientationLandscapeRight";
				LD_RUNPATH_SEARCH_PATHS = (
					"$(inherited)",
					"@executable_path/Frameworks",
				);
				MARKETING_VERSION = 1.0;
				PRODUCT_BUNDLE_IDENTIFIER = "com.pradeep.NASA-Daily-Pics";
				PRODUCT_NAME = "$(TARGET_NAME)";
				SWIFT_EMIT_LOC_STRINGS = YES;
				SWIFT_VERSION = 5.0;
				TARGETED_DEVICE_FAMILY = "1,2";
			};
			name = Debug;
		};
		18FFDF8029C71981003663E8 /* Release */ = {
			isa = XCBuildConfiguration;
			buildSettings = {
				ASSETCATALOG_COMPILER_APPICON_NAME = AppIcon;
				ASSETCATALOG_COMPILER_GLOBAL_ACCENT_COLOR_NAME = AccentColor;
				CODE_SIGN_STYLE = Automatic;
				CURRENT_PROJECT_VERSION = 1;
				DEVELOPMENT_ASSET_PATHS = "\"NASA Daily Pics/Preview Content\"";
				ENABLE_PREVIEWS = YES;
				GENERATE_INFOPLIST_FILE = YES;
				INFOPLIST_KEY_UIApplicationSceneManifest_Generation = YES;
				INFOPLIST_KEY_UIApplicationSupportsIndirectInputEvents = YES;
				INFOPLIST_KEY_UILaunchScreen_Generation = YES;
				INFOPLIST_KEY_UISupportedInterfaceOrientations_iPad = "UIInterfaceOrientationPortrait UIInterfaceOrientationPortraitUpsideDown UIInterfaceOrientationLandscapeLeft UIInterfaceOrientationLandscapeRight";
				INFOPLIST_KEY_UISupportedInterfaceOrientations_iPhone = "UIInterfaceOrientationPortrait UIInterfaceOrientationLandscapeLeft UIInterfaceOrientationLandscapeRight";
				LD_RUNPATH_SEARCH_PATHS = (
					"$(inherited)",
					"@executable_path/Frameworks",
				);
				MARKETING_VERSION = 1.0;
				PRODUCT_BUNDLE_IDENTIFIER = "com.pradeep.NASA-Daily-Pics";
				PRODUCT_NAME = "$(TARGET_NAME)";
				SWIFT_EMIT_LOC_STRINGS = YES;
				SWIFT_VERSION = 5.0;
				TARGETED_DEVICE_FAMILY = "1,2";
			};
			name = Release;
		};
		18FFDF8229C71981003663E8 /* Debug */ = {
			isa = XCBuildConfiguration;
			buildSettings = {
				ALWAYS_EMBED_SWIFT_STANDARD_LIBRARIES = YES;
				BUNDLE_LOADER = "$(TEST_HOST)";
				CODE_SIGN_STYLE = Automatic;
				CURRENT_PROJECT_VERSION = 1;
				GENERATE_INFOPLIST_FILE = YES;
				IPHONEOS_DEPLOYMENT_TARGET = 16.2;
				MARKETING_VERSION = 1.0;
				PRODUCT_BUNDLE_IDENTIFIER = "com.pradeep.NASA-Daily-PicsTests";
				PRODUCT_NAME = "$(TARGET_NAME)";
				SWIFT_EMIT_LOC_STRINGS = NO;
				SWIFT_VERSION = 5.0;
				TARGETED_DEVICE_FAMILY = "1,2";
				TEST_HOST = "$(BUILT_PRODUCTS_DIR)/NASA Daily Pics.app/$(BUNDLE_EXECUTABLE_FOLDER_PATH)/NASA Daily Pics";
			};
			name = Debug;
		};
		18FFDF8329C71981003663E8 /* Release */ = {
			isa = XCBuildConfiguration;
			buildSettings = {
				ALWAYS_EMBED_SWIFT_STANDARD_LIBRARIES = YES;
				BUNDLE_LOADER = "$(TEST_HOST)";
				CODE_SIGN_STYLE = Automatic;
				CURRENT_PROJECT_VERSION = 1;
				GENERATE_INFOPLIST_FILE = YES;
				IPHONEOS_DEPLOYMENT_TARGET = 16.2;
				MARKETING_VERSION = 1.0;
				PRODUCT_BUNDLE_IDENTIFIER = "com.pradeep.NASA-Daily-PicsTests";
				PRODUCT_NAME = "$(TARGET_NAME)";
				SWIFT_EMIT_LOC_STRINGS = NO;
				SWIFT_VERSION = 5.0;
				TARGETED_DEVICE_FAMILY = "1,2";
				TEST_HOST = "$(BUILT_PRODUCTS_DIR)/NASA Daily Pics.app/$(BUNDLE_EXECUTABLE_FOLDER_PATH)/NASA Daily Pics";
			};
			name = Release;
		};
		18FFDF8529C71981003663E8 /* Debug */ = {
			isa = XCBuildConfiguration;
			buildSettings = {
				ALWAYS_EMBED_SWIFT_STANDARD_LIBRARIES = YES;
				CODE_SIGN_STYLE = Automatic;
				CURRENT_PROJECT_VERSION = 1;
				GENERATE_INFOPLIST_FILE = YES;
				MARKETING_VERSION = 1.0;
				PRODUCT_BUNDLE_IDENTIFIER = "com.pradeep.NASA-Daily-PicsUITests";
				PRODUCT_NAME = "$(TARGET_NAME)";
				SWIFT_EMIT_LOC_STRINGS = NO;
				SWIFT_VERSION = 5.0;
				TARGETED_DEVICE_FAMILY = "1,2";
				TEST_TARGET_NAME = "NASA Daily Pics";
			};
			name = Debug;
		};
		18FFDF8629C71981003663E8 /* Release */ = {
			isa = XCBuildConfiguration;
			buildSettings = {
				ALWAYS_EMBED_SWIFT_STANDARD_LIBRARIES = YES;
				CODE_SIGN_STYLE = Automatic;
				CURRENT_PROJECT_VERSION = 1;
				GENERATE_INFOPLIST_FILE = YES;
				MARKETING_VERSION = 1.0;
				PRODUCT_BUNDLE_IDENTIFIER = "com.pradeep.NASA-Daily-PicsUITests";
				PRODUCT_NAME = "$(TARGET_NAME)";
				SWIFT_EMIT_LOC_STRINGS = NO;
				SWIFT_VERSION = 5.0;
				TARGETED_DEVICE_FAMILY = "1,2";
				TEST_TARGET_NAME = "NASA Daily Pics";
			};
			name = Release;
		};
/* End XCBuildConfiguration section */

/* Begin XCConfigurationList section */
		18FFDF5529C71980003663E8 /* Build configuration list for PBXProject "NASA Daily Pics" */ = {
			isa = XCConfigurationList;
			buildConfigurations = (
				18FFDF7C29C71981003663E8 /* Debug */,
				18FFDF7D29C71981003663E8 /* Release */,
			);
			defaultConfigurationIsVisible = 0;
			defaultConfigurationName = Release;
		};
		18FFDF7E29C71981003663E8 /* Build configuration list for PBXNativeTarget "NASA Daily Pics" */ = {
			isa = XCConfigurationList;
			buildConfigurations = (
				18FFDF7F29C71981003663E8 /* Debug */,
				18FFDF8029C71981003663E8 /* Release */,
			);
			defaultConfigurationIsVisible = 0;
			defaultConfigurationName = Release;
		};
		18FFDF8129C71981003663E8 /* Build configuration list for PBXNativeTarget "NASA Daily PicsTests" */ = {
			isa = XCConfigurationList;
			buildConfigurations = (
				18FFDF8229C71981003663E8 /* Debug */,
				18FFDF8329C71981003663E8 /* Release */,
			);
			defaultConfigurationIsVisible = 0;
			defaultConfigurationName = Release;
		};
		18FFDF8429C71981003663E8 /* Build configuration list for PBXNativeTarget "NASA Daily PicsUITests" */ = {
			isa = XCConfigurationList;
			buildConfigurations = (
				18FFDF8529C71981003663E8 /* Debug */,
				18FFDF8629C71981003663E8 /* Release */,
			);
			defaultConfigurationIsVisible = 0;
			defaultConfigurationName = Release;
		};
/* End XCConfigurationList section */
	};
	rootObject = 18FFDF5229C71980003663E8 /* Project object */;
}
